
Microsoft Visual Studio Solution File, Format Version 12.00
# Visual Studio 14
VisualStudioVersion = 14.0.25420.1
MinimumVisualStudioVersion = 10.0.40219.1
Project("{2150E333-8FDC-42A3-9474-1A3956D46DE8}") = "src", "src", "{540E51F7-8E3A-4685-843E-849B67D8AA27}"
EndProject
Project("{2150E333-8FDC-42A3-9474-1A3956D46DE8}") = "Solution Items", "Solution Items", "{4C91918B-C74A-4284-89E4-69E89A424217}"
	ProjectSection(SolutionItems) = preProject
		global.json = global.json
	EndProjectSection
EndProject
Project("{8BB2217D-0F2D-49D1-97BC-3654ED321F3B}") = "UserManagement", "src\ConsoleApp1\UserManagement.xproj", "{FCF87C28-95C7-4268-9787-15BE06E160F9}"
EndProject
Project("{8BB2217D-0F2D-49D1-97BC-3654ED321F3B}") = "TestCoreConsole", "src\TestCoreConsole\TestCoreConsole.xproj", "{A871EA4E-ADF1-4FE0-9C75-3F3E752D034F}"
EndProject
Global
	GlobalSection(SolutionConfigurationPlatforms) = preSolution
		Debug|Any CPU = Debug|Any CPU
		Release|Any CPU = Release|Any CPU
	EndGlobalSection
	GlobalSection(ProjectConfigurationPlatforms) = postSolution
		{FCF87C28-95C7-4268-9787-15BE06E160F9}.Debug|Any CPU.ActiveCfg = Debug|Any CPU
		{FCF87C28-95C7-4268-9787-15BE06E160F9}.Debug|Any CPU.Build.0 = Debug|Any CPU
		{FCF87C28-95C7-4268-9787-15BE06E160F9}.Release|Any CPU.ActiveCfg = Release|Any CPU
		{FCF87C28-95C7-4268-9787-15BE06E160F9}.Release|Any CPU.Build.0 = Release|Any CPU
		{A871EA4E-ADF1-4FE0-9C75-3F3E752D034F}.Debug|Any CPU.ActiveCfg = Debug|Any CPU
		{A871EA4E-ADF1-4FE0-9C75-3F3E752D034F}.Debug|Any CPU.Build.0 = Debug|Any CPU
		{A871EA4E-ADF1-4FE0-9C75-3F3E752D034F}.Release|Any CPU.ActiveCfg = Release|Any CPU
		{A871EA4E-ADF1-4FE0-9C75-3F3E752D034F}.Release|Any CPU.Build.0 = Release|Any CPU
	EndGlobalSection
	GlobalSection(SolutionProperties) = preSolution
		HideSolutionNode = FALSE
	EndGlobalSection
	GlobalSection(NestedProjects) = preSolution
		{FCF87C28-95C7-4268-9787-15BE06E160F9} = {540E51F7-8E3A-4685-843E-849B67D8AA27}
		{A871EA4E-ADF1-4FE0-9C75-3F3E752D034F} = {540E51F7-8E3A-4685-843E-849B67D8AA27}
	EndGlobalSection
EndGlobal
